
Microsoft Visual Studio Solution File, Format Version 12.00
# Visual Studio Version 17
VisualStudioVersion = 17.13.35931.197 d17.13
MinimumVisualStudioVersion = 10.0.40219.1
Project("{FAE04EC0-301F-11D3-BF4B-00C04F79EFBC}") = "Repeated Number (Question And Answer)", "Repeated Number (Question And Answer).csproj", "{269342D8-2E29-404E-986D-F6D154A6E138}"
EndProject
Global
	GlobalSection(SolutionConfigurationPlatforms) = preSolution
		Debug|Any CPU = Debug|Any CPU
		Release|Any CPU = Release|Any CPU
	EndGlobalSection
	GlobalSection(ProjectConfigurationPlatforms) = postSolution
		{269342D8-2E29-404E-986D-F6D154A6E138}.Debug|Any CPU.ActiveCfg = Debug|Any CPU
		{269342D8-2E29-404E-986D-F6D154A6E138}.Debug|Any CPU.Build.0 = Debug|Any CPU
		{269342D8-2E29-404E-986D-F6D154A6E138}.Release|Any CPU.ActiveCfg = Release|Any CPU
		{269342D8-2E29-404E-986D-F6D154A6E138}.Release|Any CPU.Build.0 = Release|Any CPU
	EndGlobalSection
	GlobalSection(SolutionProperties) = preSolution
		HideSolutionNode = FALSE
	EndGlobalSection
	GlobalSection(ExtensibilityGlobals) = postSolution
		SolutionGuid = {F562BD78-6608-450A-AB55-11400E7F82D2}
	EndGlobalSection
EndGlobal
